
Microsoft Visual Studio Solution File, Format Version 12.00
# Visual Studio Version 17
VisualStudioVersion = 17.8.34525.116
MinimumVisualStudioVersion = 10.0.40219.1
Project("{FAE04EC0-301F-11D3-BF4B-00C04F79EFBC}") = "D&D Character", "D&D Character\D&D Character.csproj", "{80BE4AAD-30C4-478C-AC59-AE5EDA8C044D}"
EndProject
Global
	GlobalSection(SolutionConfigurationPlatforms) = preSolution
		Debug|Any CPU = Debug|Any CPU
		Release|Any CPU = Release|Any CPU
	EndGlobalSection
	GlobalSection(ProjectConfigurationPlatforms) = postSolution
		{80BE4AAD-30C4-478C-AC59-AE5EDA8C044D}.Debug|Any CPU.ActiveCfg = Debug|Any CPU
		{80BE4AAD-30C4-478C-AC59-AE5EDA8C044D}.Debug|Any CPU.Build.0 = Debug|Any CPU
		{80BE4AAD-30C4-478C-AC59-AE5EDA8C044D}.Release|Any CPU.ActiveCfg = Release|Any CPU
		{80BE4AAD-30C4-478C-AC59-AE5EDA8C044D}.Release|Any CPU.Build.0 = Release|Any CPU
	EndGlobalSection
	GlobalSection(SolutionProperties) = preSolution
		HideSolutionNode = FALSE
	EndGlobalSection
	GlobalSection(ExtensibilityGlobals) = postSolution
		SolutionGuid = {EE6890DA-2555-4CD1-AE01-663A722CD886}
	EndGlobalSection
EndGlobal
