
Microsoft Visual Studio Solution File, Format Version 12.00
# Visual Studio Version 17
VisualStudioVersion = 17.8.34525.116
MinimumVisualStudioVersion = 10.0.40219.1
Project("{FAE04EC0-301F-11D3-BF4B-00C04F79EFBC}") = "Working with class and Objects-Pluralsight", "Working with class and Objects-Pluralsight\Working with class and Objects-Pluralsight.csproj", "{5D4130DB-5721-46BA-A652-C10523A1C6EA}"
EndProject
Global
	GlobalSection(SolutionConfigurationPlatforms) = preSolution
		Debug|Any CPU = Debug|Any CPU
		Release|Any CPU = Release|Any CPU
	EndGlobalSection
	GlobalSection(ProjectConfigurationPlatforms) = postSolution
		{5D4130DB-5721-46BA-A652-C10523A1C6EA}.Debug|Any CPU.ActiveCfg = Debug|Any CPU
		{5D4130DB-5721-46BA-A652-C10523A1C6EA}.Debug|Any CPU.Build.0 = Debug|Any CPU
		{5D4130DB-5721-46BA-A652-C10523A1C6EA}.Release|Any CPU.ActiveCfg = Release|Any CPU
		{5D4130DB-5721-46BA-A652-C10523A1C6EA}.Release|Any CPU.Build.0 = Release|Any CPU
	EndGlobalSection
	GlobalSection(SolutionProperties) = preSolution
		HideSolutionNode = FALSE
	EndGlobalSection
	GlobalSection(ExtensibilityGlobals) = postSolution
		SolutionGuid = {2A462605-C2C5-4A7E-BA37-102B22D237C4}
	EndGlobalSection
EndGlobal
